
Microsoft Visual Studio Solution File, Format Version 12.00
# Visual Studio Version 16
VisualStudioVersion = 16.0.30503.244
MinimumVisualStudioVersion = 10.0.40219.1
Project("{FAE04EC0-301F-11D3-BF4B-00C04F79EFBC}") = "Animal", "Animal\Animal.csproj", "{74C83F31-851F-4EF4-B84C-C8EF71F6BA9A}"
EndProject
Global
	GlobalSection(SolutionConfigurationPlatforms) = preSolution
		Debug|Any CPU = Debug|Any CPU
		Release|Any CPU = Release|Any CPU
	EndGlobalSection
	GlobalSection(ProjectConfigurationPlatforms) = postSolution
		{74C83F31-851F-4EF4-B84C-C8EF71F6BA9A}.Debug|Any CPU.ActiveCfg = Debug|Any CPU
		{74C83F31-851F-4EF4-B84C-C8EF71F6BA9A}.Debug|Any CPU.Build.0 = Debug|Any CPU
		{74C83F31-851F-4EF4-B84C-C8EF71F6BA9A}.Release|Any CPU.ActiveCfg = Release|Any CPU
		{74C83F31-851F-4EF4-B84C-C8EF71F6BA9A}.Release|Any CPU.Build.0 = Release|Any CPU
	EndGlobalSection
	GlobalSection(SolutionProperties) = preSolution
		HideSolutionNode = FALSE
	EndGlobalSection
	GlobalSection(ExtensibilityGlobals) = postSolution
		SolutionGuid = {A5C94C8B-A1BA-4061-8129-BF0CBF1669FD}
	EndGlobalSection
EndGlobal
